
Microsoft Visual Studio Solution File, Format Version 12.00
# Visual Studio Version 16
VisualStudioVersion = 16.0.31515.178
MinimumVisualStudioVersion = 10.0.40219.1
Project("{8BC9CEB8-8B4A-11D0-8D11-00A0C91BC942}") = "HW18", "HW18.vcxproj", "{803D07FA-AF53-4C59-8479-160D615203E1}"
EndProject
Global
	GlobalSection(SolutionConfigurationPlatforms) = preSolution
		Debug|x64 = Debug|x64
		Debug|x86 = Debug|x86
		Release|x64 = Release|x64
		Release|x86 = Release|x86
	EndGlobalSection
	GlobalSection(ProjectConfigurationPlatforms) = postSolution
		{803D07FA-AF53-4C59-8479-160D615203E1}.Debug|x64.ActiveCfg = Debug|x64
		{803D07FA-AF53-4C59-8479-160D615203E1}.Debug|x64.Build.0 = Debug|x64
		{803D07FA-AF53-4C59-8479-160D615203E1}.Debug|x86.ActiveCfg = Debug|Win32
		{803D07FA-AF53-4C59-8479-160D615203E1}.Debug|x86.Build.0 = Debug|Win32
		{803D07FA-AF53-4C59-8479-160D615203E1}.Release|x64.ActiveCfg = Release|x64
		{803D07FA-AF53-4C59-8479-160D615203E1}.Release|x64.Build.0 = Release|x64
		{803D07FA-AF53-4C59-8479-160D615203E1}.Release|x86.ActiveCfg = Release|Win32
		{803D07FA-AF53-4C59-8479-160D615203E1}.Release|x86.Build.0 = Release|Win32
	EndGlobalSection
	GlobalSection(SolutionProperties) = preSolution
		HideSolutionNode = FALSE
	EndGlobalSection
	GlobalSection(ExtensibilityGlobals) = postSolution
		SolutionGuid = {AE856B4E-A123-4C5A-BAE0-2A0A31A163D9}
	EndGlobalSection
EndGlobal
